<?xml version="1.0" encoding="utf-8"?>
<Project ToolsVersion="4.0" xmlns="http://schemas.microsoft.com/developer/msbuild/2003">
  <ItemGroup>
    <ClCompile Include="main.cpp" />
    <ClCompile Include="object\soldier.cpp" />
    <ClCompile Include="Utility\InputControl.cpp" />
    <ClCompile Include="object\BackGround.cpp" />
    <ClCompile Include="Scene\GameMain.cpp" />
    <ClCompile Include="Scene\SceneManager.cpp" />
    <ClCompile Include="Utility\FPSController.cpp" />
    <ClCompile Include="Utility\LoadSounds.cpp" />
    <ClCompile Include="Object\Bomb.cpp" />
    <ClCompile Include="Object\Explosion.cpp" />
    <ClCompile Include="Object\SphereCollider.cpp" />
    <ClCompile Include="Object\Player.cpp" />
    <ClCompile Include="Scene\Title.cpp" />
    <ClCompile Include="Scene\Setting.cpp" />
    <ClCompile Include="Utility\UserData.cpp" />
    <ClCompile Include="object\stage.cpp" />
    <ClCompile Include="Object\Particle.cpp" />
    <ClCompile Include="object\Conveyor.cpp" />
  </ItemGroup>
  <ItemGroup>
    <ClInclude Include="object\soldier.h" />
    <ClInclude Include="Utility\InputControl.h" />
    <ClInclude Include="Utility\Vector2D.h" />
    <ClInclude Include="object\BackGround.h" />
    <ClInclude Include="Scene\AbstractScene.h" />
    <ClInclude Include="Scene\GameMain.h" />
    <ClInclude Include="Scene\SceneManager.h" />
    <ClInclude Include="Utility\FPSController.h" />
    <ClInclude Include="Utility\common.h" />
    <ClInclude Include="Utility\LoadSounds.h" />
    <ClInclude Include="Object\Bomb.h" />
    <ClInclude Include="Object\CharaBase.h" />
    <ClInclude Include="Object\Explosion.h" />
    <ClInclude Include="Object\Player.h" />
    <ClInclude Include="Object\SphereCollider.h" />
    <ClInclude Include="Scene\Title.h" />
    <ClInclude Include="Scene\Setting.h" />
    <ClInclude Include="Utility\UserData.h" />
    <ClInclude Include="object\stage.h" />
    <ClInclude Include="Object\Particle.h" />
    <ClInclude Include="object\Conveyor.h" />
  </ItemGroup>
  <ItemGroup>
    <Image Include="icon.ico" />
  </ItemGroup>
  <ItemGroup>
    <ResourceCompile Include="icon.rc" />
  </ItemGroup>
</Project>